// !$*UTF8*$!
{
	archiveVersion = 1;
	classes = {
	};
	objectVersion = 56;
	objects = {

/* Begin PBXBuildFile section */
		D0C4651C2C108005006AA8F7 /* MovieApp.swift in Sources */ = {isa = PBXBuildFile; fileRef = D0C4651B2C108005006AA8F7 /* MovieApp.swift */; };
		D0C4651E2C108005006AA8F7 /* ContentView.swift in Sources */ = {isa = PBXBuildFile; fileRef = D0C4651D2C108005006AA8F7 /* ContentView.swift */; };
		D0C465202C108007006AA8F7 /* Assets.xcassets in Resources */ = {isa = PBXBuildFile; fileRef = D0C4651F2C108007006AA8F7 /* Assets.xcassets */; };
		D0C465232C108007006AA8F7 /* Preview Assets.xcassets in Resources */ = {isa = PBXBuildFile; fileRef = D0C465222C108007006AA8F7 /* Preview Assets.xcassets */; };
		D0C4652A2C108537006AA8F7 /* MoviePage.swift in Sources */ = {isa = PBXBuildFile; fileRef = D0C465292C108537006AA8F7 /* MoviePage.swift */; };
		D0C4652C2C10855D006AA8F7 /* HomePage.swift in Sources */ = {isa = PBXBuildFile; fileRef = D0C4652B2C10855D006AA8F7 /* HomePage.swift */; };
		D0C465332C10863A006AA8F7 /* HomePageViewModel.swift in Sources */ = {isa = PBXBuildFile; fileRef = D0C465322C10863A006AA8F7 /* HomePageViewModel.swift */; };
		D0C465362C10864D006AA8F7 /* MoviePageViewModel.swift in Sources */ = {isa = PBXBuildFile; fileRef = D0C465352C10864D006AA8F7 /* MoviePageViewModel.swift */; };
		D0C4653A2C108D84006AA8F7 /* CollectionPage.swift in Sources */ = {isa = PBXBuildFile; fileRef = D0C465392C108D84006AA8F7 /* CollectionPage.swift */; };
		D0C4653D2C108F73006AA8F7 /* SerialsPage.swift in Sources */ = {isa = PBXBuildFile; fileRef = D0C4653C2C108F73006AA8F7 /* SerialsPage.swift */; };
		D0C465402C108FA3006AA8F7 /* ProfilePage.swift in Sources */ = {isa = PBXBuildFile; fileRef = D0C4653F2C108FA3006AA8F7 /* ProfilePage.swift */; };
		D0C465442C109312006AA8F7 /* Networking in Frameworks */ = {isa = PBXBuildFile; productRef = D0C465432C109312006AA8F7 /* Networking */; };
		D0C465472C10B57F006AA8F7 /* MovieModel.swift in Sources */ = {isa = PBXBuildFile; fileRef = D0C465462C10B57F006AA8F7 /* MovieModel.swift */; };
		D0C465492C110771006AA8F7 /* SearchResultsView.swift in Sources */ = {isa = PBXBuildFile; fileRef = D0C465482C110771006AA8F7 /* SearchResultsView.swift */; };
/* End PBXBuildFile section */

/* Begin PBXFileReference section */
		D0C465182C108005006AA8F7 /* Movie.app */ = {isa = PBXFileReference; explicitFileType = wrapper.application; includeInIndex = 0; path = Movie.app; sourceTree = BUILT_PRODUCTS_DIR; };
		D0C4651B2C108005006AA8F7 /* MovieApp.swift */ = {isa = PBXFileReference; lastKnownFileType = sourcecode.swift; path = MovieApp.swift; sourceTree = "<group>"; };
		D0C4651D2C108005006AA8F7 /* ContentView.swift */ = {isa = PBXFileReference; lastKnownFileType = sourcecode.swift; path = ContentView.swift; sourceTree = "<group>"; };
		D0C4651F2C108007006AA8F7 /* Assets.xcassets */ = {isa = PBXFileReference; lastKnownFileType = folder.assetcatalog; path = Assets.xcassets; sourceTree = "<group>"; };
		D0C465222C108007006AA8F7 /* Preview Assets.xcassets */ = {isa = PBXFileReference; lastKnownFileType = folder.assetcatalog; path = "Preview Assets.xcassets"; sourceTree = "<group>"; };
		D0C465292C108537006AA8F7 /* MoviePage.swift */ = {isa = PBXFileReference; lastKnownFileType = sourcecode.swift; path = MoviePage.swift; sourceTree = "<group>"; };
		D0C4652B2C10855D006AA8F7 /* HomePage.swift */ = {isa = PBXFileReference; lastKnownFileType = sourcecode.swift; path = HomePage.swift; sourceTree = "<group>"; };
		D0C465322C10863A006AA8F7 /* HomePageViewModel.swift */ = {isa = PBXFileReference; lastKnownFileType = sourcecode.swift; path = HomePageViewModel.swift; sourceTree = "<group>"; };
		D0C465352C10864D006AA8F7 /* MoviePageViewModel.swift */ = {isa = PBXFileReference; lastKnownFileType = sourcecode.swift; path = MoviePageViewModel.swift; sourceTree = "<group>"; };
		D0C465392C108D84006AA8F7 /* CollectionPage.swift */ = {isa = PBXFileReference; lastKnownFileType = sourcecode.swift; path = CollectionPage.swift; sourceTree = "<group>"; };
		D0C4653C2C108F73006AA8F7 /* SerialsPage.swift */ = {isa = PBXFileReference; lastKnownFileType = sourcecode.swift; path = SerialsPage.swift; sourceTree = "<group>"; };
		D0C4653F2C108FA3006AA8F7 /* ProfilePage.swift */ = {isa = PBXFileReference; lastKnownFileType = sourcecode.swift; path = ProfilePage.swift; sourceTree = "<group>"; };
		D0C465462C10B57F006AA8F7 /* MovieModel.swift */ = {isa = PBXFileReference; lastKnownFileType = sourcecode.swift; path = MovieModel.swift; sourceTree = "<group>"; };
		D0C465482C110771006AA8F7 /* SearchResultsView.swift */ = {isa = PBXFileReference; lastKnownFileType = sourcecode.swift; path = SearchResultsView.swift; sourceTree = "<group>"; };
/* End PBXFileReference section */

/* Begin PBXFrameworksBuildPhase section */
		D0C465152C108005006AA8F7 /* Frameworks */ = {
			isa = PBXFrameworksBuildPhase;
			buildActionMask = 2147483647;
			files = (
				D0C465442C109312006AA8F7 /* Networking in Frameworks */,
			);
			runOnlyForDeploymentPostprocessing = 0;
		};
/* End PBXFrameworksBuildPhase section */

/* Begin PBXGroup section */
		D0C4650F2C108005006AA8F7 = {
			isa = PBXGroup;
			children = (
				D0C4651A2C108005006AA8F7 /* Movie */,
				D0C465192C108005006AA8F7 /* Products */,
			);
			sourceTree = "<group>";
		};
		D0C465192C108005006AA8F7 /* Products */ = {
			isa = PBXGroup;
			children = (
				D0C465182C108005006AA8F7 /* Movie.app */,
			);
			name = Products;
			sourceTree = "<group>";
		};
		D0C4651A2C108005006AA8F7 /* Movie */ = {
			isa = PBXGroup;
			children = (
				D0C465452C10B572006AA8F7 /* Model */,
				D0C4651D2C108005006AA8F7 /* ContentView.swift */,
				D0C4652F2C108608006AA8F7 /* View */,
				D0C4652E2C1085FA006AA8F7 /* Resources */,
				D0C4652D2C1085EE006AA8F7 /* App */,
				D0C465212C108007006AA8F7 /* Preview Content */,
			);
			path = Movie;
			sourceTree = "<group>";
		};
		D0C465212C108007006AA8F7 /* Preview Content */ = {
			isa = PBXGroup;
			children = (
				D0C465222C108007006AA8F7 /* Preview Assets.xcassets */,
			);
			path = "Preview Content";
			sourceTree = "<group>";
		};
		D0C4652D2C1085EE006AA8F7 /* App */ = {
			isa = PBXGroup;
			children = (
				D0C4651B2C108005006AA8F7 /* MovieApp.swift */,
			);
			path = App;
			sourceTree = "<group>";
		};
		D0C4652E2C1085FA006AA8F7 /* Resources */ = {
			isa = PBXGroup;
			children = (
				D0C4651F2C108007006AA8F7 /* Assets.xcassets */,
			);
			path = Resources;
			sourceTree = "<group>";
		};
		D0C4652F2C108608006AA8F7 /* View */ = {
			isa = PBXGroup;
			children = (
				D0C4653E2C108F80006AA8F7 /* ProfilePage */,
				D0C465302C10860F006AA8F7 /* HomePage */,
				D0C465312C108619006AA8F7 /* MoviePage */,
				D0C465382C108D5F006AA8F7 /* CollectionPage */,
				D0C465372C108D37006AA8F7 /* SerialsPage */,
			);
			path = View;
			sourceTree = "<group>";
		};
		D0C465302C10860F006AA8F7 /* HomePage */ = {
			isa = PBXGroup;
			children = (
				D0C4652B2C10855D006AA8F7 /* HomePage.swift */,
				D0C465322C10863A006AA8F7 /* HomePageViewModel.swift */,
				D0C465482C110771006AA8F7 /* SearchResultsView.swift */,
			);
			path = HomePage;
			sourceTree = "<group>";
		};
		D0C465312C108619006AA8F7 /* MoviePage */ = {
			isa = PBXGroup;
			children = (
				D0C465292C108537006AA8F7 /* MoviePage.swift */,
				D0C465352C10864D006AA8F7 /* MoviePageViewModel.swift */,
			);
			path = MoviePage;
			sourceTree = "<group>";
		};
		D0C465372C108D37006AA8F7 /* SerialsPage */ = {
			isa = PBXGroup;
			children = (
				D0C4653C2C108F73006AA8F7 /* SerialsPage.swift */,
			);
			path = SerialsPage;
			sourceTree = "<group>";
		};
		D0C465382C108D5F006AA8F7 /* CollectionPage */ = {
			isa = PBXGroup;
			children = (
				D0C465392C108D84006AA8F7 /* CollectionPage.swift */,
			);
			path = CollectionPage;
			sourceTree = "<group>";
		};
		D0C4653E2C108F80006AA8F7 /* ProfilePage */ = {
			isa = PBXGroup;
			children = (
				D0C4653F2C108FA3006AA8F7 /* ProfilePage.swift */,
			);
			path = ProfilePage;
			sourceTree = "<group>";
		};
		D0C465452C10B572006AA8F7 /* Model */ = {
			isa = PBXGroup;
			children = (
				D0C465462C10B57F006AA8F7 /* MovieModel.swift */,
			);
			path = Model;
			sourceTree = "<group>";
		};
/* End PBXGroup section */

/* Begin PBXNativeTarget section */
		D0C465172C108005006AA8F7 /* Movie */ = {
			isa = PBXNativeTarget;
			buildConfigurationList = D0C465262C108007006AA8F7 /* Build configuration list for PBXNativeTarget "Movie" */;
			buildPhases = (
				D0C465142C108005006AA8F7 /* Sources */,
				D0C465152C108005006AA8F7 /* Frameworks */,
				D0C465162C108005006AA8F7 /* Resources */,
			);
			buildRules = (
			);
			dependencies = (
			);
			name = Movie;
			packageProductDependencies = (
				D0C465432C109312006AA8F7 /* Networking */,
			);
			productName = Movie;
			productReference = D0C465182C108005006AA8F7 /* Movie.app */;
			productType = "com.apple.product-type.application";
		};
/* End PBXNativeTarget section */

/* Begin PBXProject section */
		D0C465102C108005006AA8F7 /* Project object */ = {
			isa = PBXProject;
			attributes = {
				BuildIndependentTargetsInParallel = 1;
				LastSwiftUpdateCheck = 1530;
				LastUpgradeCheck = 1530;
				TargetAttributes = {
					D0C465172C108005006AA8F7 = {
						CreatedOnToolsVersion = 15.3;
					};
				};
			};
			buildConfigurationList = D0C465132C108005006AA8F7 /* Build configuration list for PBXProject "Movie" */;
			compatibilityVersion = "Xcode 14.0";
			developmentRegion = en;
			hasScannedForEncodings = 0;
			knownRegions = (
				en,
				Base,
			);
			mainGroup = D0C4650F2C108005006AA8F7;
			packageReferences = (
				D0C465422C109312006AA8F7 /* XCRemoteSwiftPackageReference "Networking" */,
			);
			productRefGroup = D0C465192C108005006AA8F7 /* Products */;
			projectDirPath = "";
			projectRoot = "";
			targets = (
				D0C465172C108005006AA8F7 /* Movie */,
			);
		};
/* End PBXProject section */

/* Begin PBXResourcesBuildPhase section */
		D0C465162C108005006AA8F7 /* Resources */ = {
			isa = PBXResourcesBuildPhase;
			buildActionMask = 2147483647;
			files = (
				D0C465232C108007006AA8F7 /* Preview Assets.xcassets in Resources */,
				D0C465202C108007006AA8F7 /* Assets.xcassets in Resources */,
			);
			runOnlyForDeploymentPostprocessing = 0;
		};
/* End PBXResourcesBuildPhase section */

/* Begin PBXSourcesBuildPhase section */
		D0C465142C108005006AA8F7 /* Sources */ = {
			isa = PBXSourcesBuildPhase;
			buildActionMask = 2147483647;
			files = (
				D0C465402C108FA3006AA8F7 /* ProfilePage.swift in Sources */,
				D0C4651E2C108005006AA8F7 /* ContentView.swift in Sources */,
				D0C465472C10B57F006AA8F7 /* MovieModel.swift in Sources */,
				D0C4653A2C108D84006AA8F7 /* CollectionPage.swift in Sources */,
				D0C465362C10864D006AA8F7 /* MoviePageViewModel.swift in Sources */,
				D0C4651C2C108005006AA8F7 /* MovieApp.swift in Sources */,
				D0C4653D2C108F73006AA8F7 /* SerialsPage.swift in Sources */,
				D0C465492C110771006AA8F7 /* SearchResultsView.swift in Sources */,
				D0C4652A2C108537006AA8F7 /* MoviePage.swift in Sources */,
				D0C4652C2C10855D006AA8F7 /* HomePage.swift in Sources */,
				D0C465332C10863A006AA8F7 /* HomePageViewModel.swift in Sources */,
			);
			runOnlyForDeploymentPostprocessing = 0;
		};
/* End PBXSourcesBuildPhase section */

/* Begin XCBuildConfiguration section */
		D0C465242C108007006AA8F7 /* Debug */ = {
			isa = XCBuildConfiguration;
			buildSettings = {
				ALWAYS_SEARCH_USER_PATHS = NO;
				ASSETCATALOG_COMPILER_GENERATE_SWIFT_ASSET_SYMBOL_EXTENSIONS = YES;
				CLANG_ANALYZER_NONNULL = YES;
				CLANG_ANALYZER_NUMBER_OBJECT_CONVERSION = YES_AGGRESSIVE;
				CLANG_CXX_LANGUAGE_STANDARD = "gnu++20";
				CLANG_ENABLE_MODULES = YES;
				CLANG_ENABLE_OBJC_ARC = YES;
				CLANG_ENABLE_OBJC_WEAK = YES;
				CLANG_WARN_BLOCK_CAPTURE_AUTORELEASING = YES;
				CLANG_WARN_BOOL_CONVERSION = YES;
				CLANG_WARN_COMMA = YES;
				CLANG_WARN_CONSTANT_CONVERSION = YES;
				CLANG_WARN_DEPRECATED_OBJC_IMPLEMENTATIONS = YES;
				CLANG_WARN_DIRECT_OBJC_ISA_USAGE = YES_ERROR;
				CLANG_WARN_DOCUMENTATION_COMMENTS = YES;
				CLANG_WARN_EMPTY_BODY = YES;
				CLANG_WARN_ENUM_CONVERSION = YES;
				CLANG_WARN_INFINITE_RECURSION = YES;
				CLANG_WARN_INT_CONVERSION = YES;
				CLANG_WARN_NON_LITERAL_NULL_CONVERSION = YES;
				CLANG_WARN_OBJC_IMPLICIT_RETAIN_SELF = YES;
				CLANG_WARN_OBJC_LITERAL_CONVERSION = YES;
				CLANG_WARN_OBJC_ROOT_CLASS = YES_ERROR;
				CLANG_WARN_QUOTED_INCLUDE_IN_FRAMEWORK_HEADER = YES;
				CLANG_WARN_RANGE_LOOP_ANALYSIS = YES;
				CLANG_WARN_STRICT_PROTOTYPES = YES;
				CLANG_WARN_SUSPICIOUS_MOVE = YES;
				CLANG_WARN_UNGUARDED_AVAILABILITY = YES_AGGRESSIVE;
				CLANG_WARN_UNREACHABLE_CODE = YES;
				CLANG_WARN__DUPLICATE_METHOD_MATCH = YES;
				COPY_PHASE_STRIP = NO;
				DEBUG_INFORMATION_FORMAT = dwarf;
				ENABLE_STRICT_OBJC_MSGSEND = YES;
				ENABLE_TESTABILITY = YES;
				ENABLE_USER_SCRIPT_SANDBOXING = YES;
				GCC_C_LANGUAGE_STANDARD = gnu17;
				GCC_DYNAMIC_NO_PIC = NO;
				GCC_NO_COMMON_BLOCKS = YES;
				GCC_OPTIMIZATION_LEVEL = 0;
				GCC_PREPROCESSOR_DEFINITIONS = (
					"DEBUG=1",
					"$(inherited)",
				);
				GCC_WARN_64_TO_32_BIT_CONVERSION = YES;
				GCC_WARN_ABOUT_RETURN_TYPE = YES_ERROR;
				GCC_WARN_UNDECLARED_SELECTOR = YES;
				GCC_WARN_UNINITIALIZED_AUTOS = YES_AGGRESSIVE;
				GCC_WARN_UNUSED_FUNCTION = YES;
				GCC_WARN_UNUSED_VARIABLE = YES;
				IPHONEOS_DEPLOYMENT_TARGET = 17.4;
				LOCALIZATION_PREFERS_STRING_CATALOGS = YES;
				MTL_ENABLE_DEBUG_INFO = INCLUDE_SOURCE;
				MTL_FAST_MATH = YES;
				ONLY_ACTIVE_ARCH = YES;
				SDKROOT = iphoneos;
				SWIFT_ACTIVE_COMPILATION_CONDITIONS = "DEBUG $(inherited)";
				SWIFT_OPTIMIZATION_LEVEL = "-Onone";
			};
			name = Debug;
		};
		D0C465252C108007006AA8F7 /* Release */ = {
			isa = XCBuildConfiguration;
			buildSettings = {
				ALWAYS_SEARCH_USER_PATHS = NO;
				ASSETCATALOG_COMPILER_GENERATE_SWIFT_ASSET_SYMBOL_EXTENSIONS = YES;
				CLANG_ANALYZER_NONNULL = YES;
				CLANG_ANALYZER_NUMBER_OBJECT_CONVERSION = YES_AGGRESSIVE;
				CLANG_CXX_LANGUAGE_STANDARD = "gnu++20";
				CLANG_ENABLE_MODULES = YES;
				CLANG_ENABLE_OBJC_ARC = YES;
				CLANG_ENABLE_OBJC_WEAK = YES;
				CLANG_WARN_BLOCK_CAPTURE_AUTORELEASING = YES;
				CLANG_WARN_BOOL_CONVERSION = YES;
				CLANG_WARN_COMMA = YES;
				CLANG_WARN_CONSTANT_CONVERSION = YES;
				CLANG_WARN_DEPRECATED_OBJC_IMPLEMENTATIONS = YES;
				CLANG_WARN_DIRECT_OBJC_ISA_USAGE = YES_ERROR;
				CLANG_WARN_DOCUMENTATION_COMMENTS = YES;
				CLANG_WARN_EMPTY_BODY = YES;
				CLANG_WARN_ENUM_CONVERSION = YES;
				CLANG_WARN_INFINITE_RECURSION = YES;
				CLANG_WARN_INT_CONVERSION = YES;
				CLANG_WARN_NON_LITERAL_NULL_CONVERSION = YES;
				CLANG_WARN_OBJC_IMPLICIT_RETAIN_SELF = YES;
				CLANG_WARN_OBJC_LITERAL_CONVERSION = YES;
				CLANG_WARN_OBJC_ROOT_CLASS = YES_ERROR;
				CLANG_WARN_QUOTED_INCLUDE_IN_FRAMEWORK_HEADER = YES;
				CLANG_WARN_RANGE_LOOP_ANALYSIS = YES;
				CLANG_WARN_STRICT_PROTOTYPES = YES;
				CLANG_WARN_SUSPICIOUS_MOVE = YES;
				CLANG_WARN_UNGUARDED_AVAILABILITY = YES_AGGRESSIVE;
				CLANG_WARN_UNREACHABLE_CODE = YES;
				CLANG_WARN__DUPLICATE_METHOD_MATCH = YES;
				COPY_PHASE_STRIP = NO;
				DEBUG_INFORMATION_FORMAT = "dwarf-with-dsym";
				ENABLE_NS_ASSERTIONS = NO;
				ENABLE_STRICT_OBJC_MSGSEND = YES;
				ENABLE_USER_SCRIPT_SANDBOXING = YES;
				GCC_C_LANGUAGE_STANDARD = gnu17;
				GCC_NO_COMMON_BLOCKS = YES;
				GCC_WARN_64_TO_32_BIT_CONVERSION = YES;
				GCC_WARN_ABOUT_RETURN_TYPE = YES_ERROR;
				GCC_WARN_UNDECLARED_SELECTOR = YES;
				GCC_WARN_UNINITIALIZED_AUTOS = YES_AGGRESSIVE;
				GCC_WARN_UNUSED_FUNCTION = YES;
				GCC_WARN_UNUSED_VARIABLE = YES;
				IPHONEOS_DEPLOYMENT_TARGET = 17.4;
				LOCALIZATION_PREFERS_STRING_CATALOGS = YES;
				MTL_ENABLE_DEBUG_INFO = NO;
				MTL_FAST_MATH = YES;
				SDKROOT = iphoneos;
				SWIFT_COMPILATION_MODE = wholemodule;
				VALIDATE_PRODUCT = YES;
			};
			name = Release;
		};
		D0C465272C108007006AA8F7 /* Debug */ = {
			isa = XCBuildConfiguration;
			buildSettings = {
				ASSETCATALOG_COMPILER_APPICON_NAME = AppIcon;
				ASSETCATALOG_COMPILER_GLOBAL_ACCENT_COLOR_NAME = AccentColor;
				CODE_SIGN_STYLE = Automatic;
				CURRENT_PROJECT_VERSION = 1;
				DEVELOPMENT_ASSET_PATHS = "\"Movie/Preview Content\"";
				DEVELOPMENT_TEAM = BUWU6XCAQ7;
				ENABLE_PREVIEWS = YES;
				GENERATE_INFOPLIST_FILE = YES;
				INFOPLIST_KEY_UIApplicationSceneManifest_Generation = YES;
				INFOPLIST_KEY_UIApplicationSupportsIndirectInputEvents = YES;
				INFOPLIST_KEY_UILaunchScreen_Generation = YES;
				INFOPLIST_KEY_UISupportedInterfaceOrientations_iPad = "UIInterfaceOrientationPortrait UIInterfaceOrientationPortraitUpsideDown UIInterfaceOrientationLandscapeLeft UIInterfaceOrientationLandscapeRight";
				INFOPLIST_KEY_UISupportedInterfaceOrientations_iPhone = "UIInterfaceOrientationPortrait UIInterfaceOrientationLandscapeLeft UIInterfaceOrientationLandscapeRight";
				LD_RUNPATH_SEARCH_PATHS = (
					"$(inherited)",
					"@executable_path/Frameworks",
				);
				MARKETING_VERSION = 1.0;
				PRODUCT_BUNDLE_IDENTIFIER = ge.academy.Movie;
				PRODUCT_NAME = "$(TARGET_NAME)";
				SWIFT_EMIT_LOC_STRINGS = YES;
				SWIFT_VERSION = 5.0;
				TARGETED_DEVICE_FAMILY = "1,2";
			};
			name = Debug;
		};
		D0C465282C108007006AA8F7 /* Release */ = {
			isa = XCBuildConfiguration;
			buildSettings = {
				ASSETCATALOG_COMPILER_APPICON_NAME = AppIcon;
				ASSETCATALOG_COMPILER_GLOBAL_ACCENT_COLOR_NAME = AccentColor;
				CODE_SIGN_STYLE = Automatic;
				CURRENT_PROJECT_VERSION = 1;
				DEVELOPMENT_ASSET_PATHS = "\"Movie/Preview Content\"";
				DEVELOPMENT_TEAM = BUWU6XCAQ7;
				ENABLE_PREVIEWS = YES;
				GENERATE_INFOPLIST_FILE = YES;
				INFOPLIST_KEY_UIApplicationSceneManifest_Generation = YES;
				INFOPLIST_KEY_UIApplicationSupportsIndirectInputEvents = YES;
				INFOPLIST_KEY_UILaunchScreen_Generation = YES;
				INFOPLIST_KEY_UISupportedInterfaceOrientations_iPad = "UIInterfaceOrientationPortrait UIInterfaceOrientationPortraitUpsideDown UIInterfaceOrientationLandscapeLeft UIInterfaceOrientationLandscapeRight";
				INFOPLIST_KEY_UISupportedInterfaceOrientations_iPhone = "UIInterfaceOrientationPortrait UIInterfaceOrientationLandscapeLeft UIInterfaceOrientationLandscapeRight";
				LD_RUNPATH_SEARCH_PATHS = (
					"$(inherited)",
					"@executable_path/Frameworks",
				);
				MARKETING_VERSION = 1.0;
				PRODUCT_BUNDLE_IDENTIFIER = ge.academy.Movie;
				PRODUCT_NAME = "$(TARGET_NAME)";
				SWIFT_EMIT_LOC_STRINGS = YES;
				SWIFT_VERSION = 5.0;
				TARGETED_DEVICE_FAMILY = "1,2";
			};
			name = Release;
		};
/* End XCBuildConfiguration section */

/* Begin XCConfigurationList section */
		D0C465132C108005006AA8F7 /* Build configuration list for PBXProject "Movie" */ = {
			isa = XCConfigurationList;
			buildConfigurations = (
				D0C465242C108007006AA8F7 /* Debug */,
				D0C465252C108007006AA8F7 /* Release */,
			);
			defaultConfigurationIsVisible = 0;
			defaultConfigurationName = Release;
		};
		D0C465262C108007006AA8F7 /* Build configuration list for PBXNativeTarget "Movie" */ = {
			isa = XCConfigurationList;
			buildConfigurations = (
				D0C465272C108007006AA8F7 /* Debug */,
				D0C465282C108007006AA8F7 /* Release */,
			);
			defaultConfigurationIsVisible = 0;
			defaultConfigurationName = Release;
		};
/* End XCConfigurationList section */

/* Begin XCRemoteSwiftPackageReference section */
		D0C465422C109312006AA8F7 /* XCRemoteSwiftPackageReference "Networking" */ = {
			isa = XCRemoteSwiftPackageReference;
			repositoryURL = "https://github.com/devnoom/Networking.git";
			requirement = {
				branch = main;
				kind = branch;
			};
		};
/* End XCRemoteSwiftPackageReference section */

/* Begin XCSwiftPackageProductDependency section */
		D0C465432C109312006AA8F7 /* Networking */ = {
			isa = XCSwiftPackageProductDependency;
			package = D0C465422C109312006AA8F7 /* XCRemoteSwiftPackageReference "Networking" */;
			productName = Networking;
		};
/* End XCSwiftPackageProductDependency section */
	};
	rootObject = D0C465102C108005006AA8F7 /* Project object */;
}
